
Microsoft Visual Studio Solution File, Format Version 12.00
# Visual Studio Version 16
VisualStudioVersion = 16.0.29519.181
MinimumVisualStudioVersion = 10.0.40219.1
Project("{FAE04EC0-301F-11D3-BF4B-00C04F79EFBC}") = "EchoBot4Bug", "EchoBot4Bug\EchoBot4Bug.csproj", "{B4CFCAF4-61FE-43C8-AD0D-96AA5DC3A0C6}"
EndProject
Global
	GlobalSection(SolutionConfigurationPlatforms) = preSolution
		Debug|Any CPU = Debug|Any CPU
		Release|Any CPU = Release|Any CPU
	EndGlobalSection
	GlobalSection(ProjectConfigurationPlatforms) = postSolution
		{B4CFCAF4-61FE-43C8-AD0D-96AA5DC3A0C6}.Debug|Any CPU.ActiveCfg = Debug|Any CPU
		{B4CFCAF4-61FE-43C8-AD0D-96AA5DC3A0C6}.Debug|Any CPU.Build.0 = Debug|Any CPU
		{B4CFCAF4-61FE-43C8-AD0D-96AA5DC3A0C6}.Release|Any CPU.ActiveCfg = Release|Any CPU
		{B4CFCAF4-61FE-43C8-AD0D-96AA5DC3A0C6}.Release|Any CPU.Build.0 = Release|Any CPU
	EndGlobalSection
	GlobalSection(SolutionProperties) = preSolution
		HideSolutionNode = FALSE
	EndGlobalSection
	GlobalSection(ExtensibilityGlobals) = postSolution
		SolutionGuid = {92545899-F277-44BB-B4EA-B73F39BCD23F}
	EndGlobalSection
EndGlobal
